{
  "name": "rpi-control-agent",
  "version": "1.0.0",
  "lockfileVersion": 1,
  "requires": true,
  "dependencies": {
    "@types/es6-shim": {
      "version": "0.31.39",
      "resolved": "https://registry.npmjs.org/@types/es6-shim/-/es6-shim-0.31.39.tgz",
      "integrity": "sha512-z2JtmHE1wg75JTdT1qWGvW4eDOk6DUW1Exdzrs+8QTPFttkdTr4pKVzLLCCAOUC8i/KiG+QtkSEteQ5hDxwbpg=="
    },
    "@types/events": {
      "version": "1.2.0",
      "resolved": "http://registry.npmjs.org/@types/events/-/events-1.2.0.tgz",
      "integrity": "sha512-KEIlhXnIutzKwRbQkGWb/I4HFqBuUykAdHgDED6xqwXJfONCjF5VoE0cXEiurh3XauygxzeDzgtXUqvLkxFzzA=="
    },
    "@types/node": {
      "version": "10.12.4",
      "resolved": "https://registry.npmjs.org/@types/node/-/node-10.12.4.tgz",
      "integrity": "sha512-0aFZiYCvoxyKP/Mg6PvqBb2UtWGIPf63r6rOAvRBrgyJOfanbL60yUH2U4FSpg+Yn6FW+JVYWtzn6hLTy745Fg=="
    },
    "@types/raspi": {
      "version": "5.0.0",
      "resolved": "https://registry.npmjs.org/@types/raspi/-/raspi-5.0.0.tgz",
      "integrity": "sha512-S+Xv+Q9IGjW25Vs75hfeYh2l7LHWVHGENcYFDak0Tx8xxcnAEHTWxriQ61UqUNj+pLLWOg8ik93sf8YZGrRqmw=="
    },
    "@types/raspi-peripheral": {
      "version": "2.0.0",
      "resolved": "https://registry.npmjs.org/@types/raspi-peripheral/-/raspi-peripheral-2.0.0.tgz",
      "integrity": "sha512-PdwpwcdDWz2RAyRUfD6T0w5Gdam5FSYH0Tn7DMHEFil8yNUnWJybyhJ4WufyOEcxgGAczQE9eowrcJ3G6IskQA==",
      "requires": {
        "@types/events": "*",
        "@types/node": "*"
      }
    },
    "@types/raspi-serial": {
      "version": "5.0.0",
      "resolved": "https://registry.npmjs.org/@types/raspi-serial/-/raspi-serial-5.0.0.tgz",
      "integrity": "sha512-vquU8cZtkJ9Tzrj9coxO3aXBlIC4cb23W2aATlu5dcJQaE7FJ1X/mXUslso7L/ejFRpjQPPLEfcDUn5Pt0x7Qg==",
      "requires": {
        "@types/node": "*",
        "@types/raspi-peripheral": "*"
      }
    },
    "@types/ws": {
      "version": "6.0.1",
      "resolved": "https://registry.npmjs.org/@types/ws/-/ws-6.0.1.tgz",
      "integrity": "sha512-EzH8k1gyZ4xih/MaZTXwT2xOkPiIMSrhQ9b8wrlX88L0T02eYsddatQlwVFlEPyEqV0ChpdpNnE51QPH6NVT4Q==",
      "requires": {
        "@types/events": "*",
        "@types/node": "*"
      }
    },
    "async-limiter": {
      "version": "1.0.0",
      "resolved": "https://registry.npmjs.org/async-limiter/-/async-limiter-1.0.0.tgz",
      "integrity": "sha512-jp/uFnooOiO+L211eZOoSyzpOITMXx1rBITauYykG3BRYPu8h0UcxsPNB04RR5vo4Tyz3+ay17tR6JVf9qzYWg=="
    },
    "typescript": {
      "version": "3.1.6",
      "resolved": "https://registry.npmjs.org/typescript/-/typescript-3.1.6.tgz",
      "integrity": "sha512-tDMYfVtvpb96msS1lDX9MEdHrW4yOuZ4Kdc4Him9oU796XldPYF/t2+uKoX0BBa0hXXwDlqYQbXY5Rzjzc5hBA=="
    },
    "ws": {
      "version": "6.1.0",
      "resolved": "https://registry.npmjs.org/ws/-/ws-6.1.0.tgz",
      "integrity": "sha512-H3dGVdGvW2H8bnYpIDc3u3LH8Wue3Qh+Zto6aXXFzvESkTVT6rAfKR6tR/+coaUvxs8yHtmNV0uioBF62ZGSTg==",
      "requires": {
        "async-limiter": "~1.0.0"
      }
    }
  }
}
